
Microsoft Visual Studio Solution File, Format Version 12.00
# Visual Studio Version 16
VisualStudioVersion = 16.0.30002.166
MinimumVisualStudioVersion = 10.0.40219.1
Project("{8BC9CEB8-8B4A-11D0-8D11-00A0C91BC942}") = "Log", "LogFrame\Log.vcxproj", "{9EECB1AF-42AE-49CD-8131-06EA79A80220}"
EndProject
Project("{8BC9CEB8-8B4A-11D0-8D11-00A0C91BC942}") = "TCPServer", "Server\TCPServer\TCPServer.vcxproj", "{7DEC1F9C-71B9-4263-98EA-D91355FC6C5B}"
EndProject
Project("{8BC9CEB8-8B4A-11D0-8D11-00A0C91BC942}") = "TCPClient", "Client\TCPClient\TCPClient.vcxproj", "{B351A8BD-ABF7-4D9A-B5DE-09F7BEC47BDF}"
EndProject
Project("{8BC9CEB8-8B4A-11D0-8D11-00A0C91BC942}") = "TCPClient2", "Client\TCPClient2\TCPClient2.vcxproj", "{A14B6862-B12B-4248-AF17-A41620853D8C}"
EndProject
Project("{8BC9CEB8-8B4A-11D0-8D11-00A0C91BC942}") = "TestBasicLib", "TestBasicLib\TestBasicLib.vcxproj", "{F928647F-6208-4484-AF1D-D3739739848F}"
EndProject
Global
	GlobalSection(SolutionConfigurationPlatforms) = preSolution
		Debug|x64 = Debug|x64
		Debug|x86 = Debug|x86
		Release|x64 = Release|x64
		Release|x86 = Release|x86
	EndGlobalSection
	GlobalSection(ProjectConfigurationPlatforms) = postSolution
		{9EECB1AF-42AE-49CD-8131-06EA79A80220}.Debug|x64.ActiveCfg = Debug|x64
		{9EECB1AF-42AE-49CD-8131-06EA79A80220}.Debug|x64.Build.0 = Debug|x64
		{9EECB1AF-42AE-49CD-8131-06EA79A80220}.Debug|x86.ActiveCfg = Debug|Win32
		{9EECB1AF-42AE-49CD-8131-06EA79A80220}.Debug|x86.Build.0 = Debug|Win32
		{9EECB1AF-42AE-49CD-8131-06EA79A80220}.Release|x64.ActiveCfg = Release|x64
		{9EECB1AF-42AE-49CD-8131-06EA79A80220}.Release|x64.Build.0 = Release|x64
		{9EECB1AF-42AE-49CD-8131-06EA79A80220}.Release|x86.ActiveCfg = Release|Win32
		{9EECB1AF-42AE-49CD-8131-06EA79A80220}.Release|x86.Build.0 = Release|Win32
		{7DEC1F9C-71B9-4263-98EA-D91355FC6C5B}.Debug|x64.ActiveCfg = Debug|x64
		{7DEC1F9C-71B9-4263-98EA-D91355FC6C5B}.Debug|x64.Build.0 = Debug|x64
		{7DEC1F9C-71B9-4263-98EA-D91355FC6C5B}.Debug|x86.ActiveCfg = Debug|Win32
		{7DEC1F9C-71B9-4263-98EA-D91355FC6C5B}.Debug|x86.Build.0 = Debug|Win32
		{7DEC1F9C-71B9-4263-98EA-D91355FC6C5B}.Release|x64.ActiveCfg = Release|x64
		{7DEC1F9C-71B9-4263-98EA-D91355FC6C5B}.Release|x64.Build.0 = Release|x64
		{7DEC1F9C-71B9-4263-98EA-D91355FC6C5B}.Release|x86.ActiveCfg = Release|Win32
		{7DEC1F9C-71B9-4263-98EA-D91355FC6C5B}.Release|x86.Build.0 = Release|Win32
		{B351A8BD-ABF7-4D9A-B5DE-09F7BEC47BDF}.Debug|x64.ActiveCfg = Debug|x64
		{B351A8BD-ABF7-4D9A-B5DE-09F7BEC47BDF}.Debug|x64.Build.0 = Debug|x64
		{B351A8BD-ABF7-4D9A-B5DE-09F7BEC47BDF}.Debug|x86.ActiveCfg = Debug|Win32
		{B351A8BD-ABF7-4D9A-B5DE-09F7BEC47BDF}.Debug|x86.Build.0 = Debug|Win32
		{B351A8BD-ABF7-4D9A-B5DE-09F7BEC47BDF}.Release|x64.ActiveCfg = Release|x64
		{B351A8BD-ABF7-4D9A-B5DE-09F7BEC47BDF}.Release|x64.Build.0 = Release|x64
		{B351A8BD-ABF7-4D9A-B5DE-09F7BEC47BDF}.Release|x86.ActiveCfg = Release|Win32
		{B351A8BD-ABF7-4D9A-B5DE-09F7BEC47BDF}.Release|x86.Build.0 = Release|Win32
		{A14B6862-B12B-4248-AF17-A41620853D8C}.Debug|x64.ActiveCfg = Debug|x64
		{A14B6862-B12B-4248-AF17-A41620853D8C}.Debug|x64.Build.0 = Debug|x64
		{A14B6862-B12B-4248-AF17-A41620853D8C}.Debug|x86.ActiveCfg = Debug|Win32
		{A14B6862-B12B-4248-AF17-A41620853D8C}.Debug|x86.Build.0 = Debug|Win32
		{A14B6862-B12B-4248-AF17-A41620853D8C}.Release|x64.ActiveCfg = Release|x64
		{A14B6862-B12B-4248-AF17-A41620853D8C}.Release|x64.Build.0 = Release|x64
		{A14B6862-B12B-4248-AF17-A41620853D8C}.Release|x86.ActiveCfg = Release|Win32
		{A14B6862-B12B-4248-AF17-A41620853D8C}.Release|x86.Build.0 = Release|Win32
		{F928647F-6208-4484-AF1D-D3739739848F}.Debug|x64.ActiveCfg = Debug|x64
		{F928647F-6208-4484-AF1D-D3739739848F}.Debug|x64.Build.0 = Debug|x64
		{F928647F-6208-4484-AF1D-D3739739848F}.Debug|x86.ActiveCfg = Debug|Win32
		{F928647F-6208-4484-AF1D-D3739739848F}.Debug|x86.Build.0 = Debug|Win32
		{F928647F-6208-4484-AF1D-D3739739848F}.Release|x64.ActiveCfg = Release|x64
		{F928647F-6208-4484-AF1D-D3739739848F}.Release|x64.Build.0 = Release|x64
		{F928647F-6208-4484-AF1D-D3739739848F}.Release|x86.ActiveCfg = Release|Win32
		{F928647F-6208-4484-AF1D-D3739739848F}.Release|x86.Build.0 = Release|Win32
	EndGlobalSection
	GlobalSection(SolutionProperties) = preSolution
		HideSolutionNode = FALSE
	EndGlobalSection
	GlobalSection(ExtensibilityGlobals) = postSolution
		SolutionGuid = {C376CF17-A958-431B-B7AB-383F125FB49B}
	EndGlobalSection
EndGlobal
